<?xml version="1.0" encoding="utf-8"?>
<Project ToolsVersion="4.0" xmlns="http://schemas.microsoft.com/developer/msbuild/2003">
  <ItemGroup>
    <Filter Include="Source Files">
      <UniqueIdentifier>{4FC737F1-C7A5-4376-A066-2A32D752A2FF}</UniqueIdentifier>
      <Extensions>cpp;c;cc;cxx;def;odl;idl;hpj;bat;asm;asmx</Extensions>
    </Filter>
    <Filter Include="Header Files">
      <UniqueIdentifier>{93995380-89BD-4b04-88EB-625FBE52EBFB}</UniqueIdentifier>
      <Extensions>h;hh;hpp;hxx;hm;inl;inc;xsd</Extensions>
    </Filter>
    <Filter Include="Resource Files">
      <UniqueIdentifier>{67DA6AB6-F800-4c08-8B7A-83BB121AAD01}</UniqueIdentifier>
      <Extensions>rc;ico;cur;bmp;dlg;rc2;rct;bin;rgs;gif;jpg;jpeg;jpe;resx;tiff;tif;png;wav;mfcribbon-ms</Extensions>
    </Filter>
  </ItemGroup>
  <ItemGroup>
    <ClInclude Include="font5x7.h">
      <Filter>Header Files</Filter>
    </ClInclude>
    <ClInclude Include="Parameter.hpp">
      <Filter>Header Files</Filter>
    </ClInclude>
    <ClInclude Include="PeriodicTimer.hpp">
      <Filter>Header Files</Filter>
    </ClInclude>
    <ClInclude Include="Rhopalia.hpp">
      <Filter>Header Files</Filter>
    </ClInclude>
    <ClInclude Include="Spectrum.hpp">
      <Filter>Header Files</Filter>
    </ClInclude>
    <ClInclude Include="SpectrumAnalyzer.hpp">
      <Filter>Header Files</Filter>
    </ClInclude>
    <ClInclude Include="WatchdogTimer.hpp">
      <Filter>Header Files</Filter>
    </ClInclude>
    <ClInclude Include="LightEffectMatrixText.hpp">
      <Filter>Header Files</Filter>
    </ClInclude>
    <ClInclude Include="LightEffectSolid.hpp">
      <Filter>Header Files</Filter>
    </ClInclude>
    <ClInclude Include="LightEffectSoundSolid.hpp">
      <Filter>Header Files</Filter>
    </ClInclude>
    <ClInclude Include="LightEffectStripBeat.hpp">
      <Filter>Header Files</Filter>
    </ClInclude>
    <ClInclude Include="LightEffectStripEQ.hpp">
      <Filter>Header Files</Filter>
    </ClInclude>
    <ClInclude Include="LightHub.hpp">
      <Filter>Header Files</Filter>
    </ClInclude>
    <ClInclude Include="Matrix.hpp">
      <Filter>Header Files</Filter>
    </ClInclude>
    <ClInclude Include="Packet.hpp">
      <Filter>Header Files</Filter>
    </ClInclude>
    <ClInclude Include="LightEffect.hpp">
      <Filter>Header Files</Filter>
    </ClInclude>
    <ClInclude Include="LightEffectFade.hpp">
      <Filter>Header Files</Filter>
    </ClInclude>
    <ClInclude Include="LightEffectMatrixCircEQ.hpp">
      <Filter>Header Files</Filter>
    </ClInclude>
    <ClInclude Include="LightEffectMatrixCircSpec.hpp">
      <Filter>Header Files</Filter>
    </ClInclude>
    <ClInclude Include="LightEffectMatrixClock.hpp">
      <Filter>Header Files</Filter>
    </ClInclude>
    <ClInclude Include="LightEffectMatrixEQ.hpp">
      <Filter>Header Files</Filter>
    </ClInclude>
    <ClInclude Include="LightEffectMatrixExplode.hpp">
      <Filter>Header Files</Filter>
    </ClInclude>
    <ClInclude Include="AudioDevice.hpp">
      <Filter>Header Files</Filter>
    </ClInclude>
    <ClInclude Include="Color.hpp">
      <Filter>Header Files</Filter>
    </ClInclude>
    <ClInclude Include="ConfigurableObject.hpp">
      <Filter>Header Files</Filter>
    </ClInclude>
    <ClInclude Include="Drawing.hpp">
      <Filter>Header Files</Filter>
    </ClInclude>
    <ClInclude Include="Exception.hpp">
      <Filter>Header Files</Filter>
    </ClInclude>
    <ClInclude Include="Light.hpp">
      <Filter>Header Files</Filter>
    </ClInclude>
    <ClInclude Include="LightAdapter.hpp">
      <Filter>Header Files</Filter>
    </ClInclude>
  </ItemGroup>
  <ItemGroup>
    <ClCompile Include="main.cpp">
      <Filter>Source Files</Filter>
    </ClCompile>
    <ClCompile Include="PeriodicTimer.cpp">
      <Filter>Source Files</Filter>
    </ClCompile>
    <ClCompile Include="Rhopalia.cpp">
      <Filter>Source Files</Filter>
    </ClCompile>
    <ClCompile Include="Spectrum.cpp">
      <Filter>Source Files</Filter>
    </ClCompile>
    <ClCompile Include="SpectrumAnalyzer.cpp">
      <Filter>Source Files</Filter>
    </ClCompile>
    <ClCompile Include="WatchdogTimer.cpp">
      <Filter>Source Files</Filter>
    </ClCompile>
    <ClCompile Include="LightEffectMatrixText.cpp">
      <Filter>Source Files</Filter>
    </ClCompile>
    <ClCompile Include="LightEffectSolid.cpp">
      <Filter>Source Files</Filter>
    </ClCompile>
    <ClCompile Include="LightEffectSoundSolid.cpp">
      <Filter>Source Files</Filter>
    </ClCompile>
    <ClCompile Include="LightEffectStripBeat.cpp">
      <Filter>Source Files</Filter>
    </ClCompile>
    <ClCompile Include="LightEffectStripEQ.cpp">
      <Filter>Source Files</Filter>
    </ClCompile>
    <ClCompile Include="LightHub.cpp">
      <Filter>Source Files</Filter>
    </ClCompile>
    <ClCompile Include="Matrix.cpp">
      <Filter>Source Files</Filter>
    </ClCompile>
    <ClCompile Include="Packet.cpp">
      <Filter>Source Files</Filter>
    </ClCompile>
    <ClCompile Include="Parameter.cpp">
      <Filter>Source Files</Filter>
    </ClCompile>
    <ClCompile Include="LightEffect.cpp">
      <Filter>Source Files</Filter>
    </ClCompile>
    <ClCompile Include="LightEffectFade.cpp">
      <Filter>Source Files</Filter>
    </ClCompile>
    <ClCompile Include="LightEffectMatrixCircEQ.cpp">
      <Filter>Source Files</Filter>
    </ClCompile>
    <ClCompile Include="LightEffectMatrixCircSpec.cpp">
      <Filter>Source Files</Filter>
    </ClCompile>
    <ClCompile Include="LightEffectMatrixClock.cpp">
      <Filter>Source Files</Filter>
    </ClCompile>
    <ClCompile Include="LightEffectMatrixEQ.cpp">
      <Filter>Source Files</Filter>
    </ClCompile>
    <ClCompile Include="LightEffectMatrixExplode.cpp">
      <Filter>Source Files</Filter>
    </ClCompile>
    <ClCompile Include="AudioDevice.cpp">
      <Filter>Source Files</Filter>
    </ClCompile>
    <ClCompile Include="Color.cpp">
      <Filter>Source Files</Filter>
    </ClCompile>
    <ClCompile Include="ConfigurableObject.cpp">
      <Filter>Source Files</Filter>
    </ClCompile>
    <ClCompile Include="Drawing.cpp">
      <Filter>Source Files</Filter>
    </ClCompile>
    <ClCompile Include="Exception.cpp">
      <Filter>Source Files</Filter>
    </ClCompile>
    <ClCompile Include="Light.cpp">
      <Filter>Source Files</Filter>
    </ClCompile>
  </ItemGroup>
</Project>